// !$*UTF8*$!
{
	archiveVersion = 1;
	classes = {
	};
	objectVersion = 46;
	objects = {

/* Begin PBXBuildFile section */
		8F7D5BA71EAC583C002BC20C /* AppDelegate.swift in Sources */ = {isa = PBXBuildFile; fileRef = 8F7D5BA61EAC583C002BC20C /* AppDelegate.swift */; };
		8F7D5BA91EAC583C002BC20C /* ViewController.swift in Sources */ = {isa = PBXBuildFile; fileRef = 8F7D5BA81EAC583C002BC20C /* ViewController.swift */; };
		8F7D5BAC1EAC583C002BC20C /* Main.storyboard in Resources */ = {isa = PBXBuildFile; fileRef = 8F7D5BAA1EAC583C002BC20C /* Main.storyboard */; };
		8F7D5BAE1EAC583C002BC20C /* Assets.xcassets in Resources */ = {isa = PBXBuildFile; fileRef = 8F7D5BAD1EAC583C002BC20C /* Assets.xcassets */; };
		8F7D5BB11EAC583C002BC20C /* LaunchScreen.storyboard in Resources */ = {isa = PBXBuildFile; fileRef = 8F7D5BAF1EAC583C002BC20C /* LaunchScreen.storyboard */; };
		8F7D5BB91EAC60DB002BC20C /* ex.png in Resources */ = {isa = PBXBuildFile; fileRef = 8F7D5BB81EAC60DB002BC20C /* ex.png */; };
		8F7D5BBB1EAC60E4002BC20C /* oh.png in Resources */ = {isa = PBXBuildFile; fileRef = 8F7D5BBA1EAC60E4002BC20C /* oh.png */; };
		8F7D5BBF1EADA85F002BC20C /* SingleViewController.swift in Sources */ = {isa = PBXBuildFile; fileRef = 8F7D5BBE1EADA85F002BC20C /* SingleViewController.swift */; };
/* End PBXBuildFile section */

/* Begin PBXFileReference section */
		8F7D5BA31EAC583C002BC20C /* ticTacToe.app */ = {isa = PBXFileReference; explicitFileType = wrapper.application; includeInIndex = 0; path = ticTacToe.app; sourceTree = BUILT_PRODUCTS_DIR; };
		8F7D5BA61EAC583C002BC20C /* AppDelegate.swift */ = {isa = PBXFileReference; lastKnownFileType = sourcecode.swift; path = AppDelegate.swift; sourceTree = "<group>"; };
		8F7D5BA81EAC583C002BC20C /* ViewController.swift */ = {isa = PBXFileReference; lastKnownFileType = sourcecode.swift; path = ViewController.swift; sourceTree = "<group>"; };
		8F7D5BAB1EAC583C002BC20C /* Base */ = {isa = PBXFileReference; lastKnownFileType = file.storyboard; name = Base; path = Base.lproj/Main.storyboard; sourceTree = "<group>"; };
		8F7D5BAD1EAC583C002BC20C /* Assets.xcassets */ = {isa = PBXFileReference; lastKnownFileType = folder.assetcatalog; path = Assets.xcassets; sourceTree = "<group>"; };
		8F7D5BB01EAC583C002BC20C /* Base */ = {isa = PBXFileReference; lastKnownFileType = file.storyboard; name = Base; path = Base.lproj/LaunchScreen.storyboard; sourceTree = "<group>"; };
		8F7D5BB21EAC583C002BC20C /* Info.plist */ = {isa = PBXFileReference; lastKnownFileType = text.plist.xml; path = Info.plist; sourceTree = "<group>"; };
		8F7D5BB81EAC60DB002BC20C /* ex.png */ = {isa = PBXFileReference; lastKnownFileType = image.png; path = ex.png; sourceTree = "<group>"; };
		8F7D5BBA1EAC60E4002BC20C /* oh.png */ = {isa = PBXFileReference; lastKnownFileType = image.png; path = oh.png; sourceTree = "<group>"; };
		8F7D5BBE1EADA85F002BC20C /* SingleViewController.swift */ = {isa = PBXFileReference; fileEncoding = 4; lastKnownFileType = sourcecode.swift; path = SingleViewController.swift; sourceTree = "<group>"; };
/* End PBXFileReference section */

/* Begin PBXFrameworksBuildPhase section */
		8F7D5BA01EAC583B002BC20C /* Frameworks */ = {
			isa = PBXFrameworksBuildPhase;
			buildActionMask = 2147483647;
			files = (
			);
			runOnlyForDeploymentPostprocessing = 0;
		};
/* End PBXFrameworksBuildPhase section */

/* Begin PBXGroup section */
		8F7D5B9A1EAC583B002BC20C = {
			isa = PBXGroup;
			children = (
				8F7D5BA51EAC583C002BC20C /* ticTacToe */,
				8F7D5BA41EAC583C002BC20C /* Products */,
			);
			sourceTree = "<group>";
		};
		8F7D5BA41EAC583C002BC20C /* Products */ = {
			isa = PBXGroup;
			children = (
				8F7D5BA31EAC583C002BC20C /* ticTacToe.app */,
			);
			name = Products;
			sourceTree = "<group>";
		};
		8F7D5BA51EAC583C002BC20C /* ticTacToe */ = {
			isa = PBXGroup;
			children = (
				8F7D5BA61EAC583C002BC20C /* AppDelegate.swift */,
				8F7D5BA81EAC583C002BC20C /* ViewController.swift */,
				8F7D5BBE1EADA85F002BC20C /* SingleViewController.swift */,
				8F7D5BAA1EAC583C002BC20C /* Main.storyboard */,
				8F7D5BB81EAC60DB002BC20C /* ex.png */,
				8F7D5BBA1EAC60E4002BC20C /* oh.png */,
				8F7D5BAD1EAC583C002BC20C /* Assets.xcassets */,
				8F7D5BAF1EAC583C002BC20C /* LaunchScreen.storyboard */,
				8F7D5BB21EAC583C002BC20C /* Info.plist */,
			);
			path = ticTacToe;
			sourceTree = "<group>";
		};
/* End PBXGroup section */

/* Begin PBXNativeTarget section */
		8F7D5BA21EAC583B002BC20C /* ticTacToe */ = {
			isa = PBXNativeTarget;
			buildConfigurationList = 8F7D5BB51EAC583C002BC20C /* Build configuration list for PBXNativeTarget "ticTacToe" */;
			buildPhases = (
				8F7D5B9F1EAC583B002BC20C /* Sources */,
				8F7D5BA01EAC583B002BC20C /* Frameworks */,
				8F7D5BA11EAC583B002BC20C /* Resources */,
			);
			buildRules = (
			);
			dependencies = (
			);
			name = ticTacToe;
			productName = ticTacToe;
			productReference = 8F7D5BA31EAC583C002BC20C /* ticTacToe.app */;
			productType = "com.apple.product-type.application";
		};
/* End PBXNativeTarget section */

/* Begin PBXProject section */
		8F7D5B9B1EAC583B002BC20C /* Project object */ = {
			isa = PBXProject;
			attributes = {
				LastSwiftUpdateCheck = 0820;
				LastUpgradeCheck = 0820;
				ORGANIZATIONNAME = "Ehsan Zaman";
				TargetAttributes = {
					8F7D5BA21EAC583B002BC20C = {
						CreatedOnToolsVersion = 8.2.1;
						ProvisioningStyle = Automatic;
					};
				};
			};
			buildConfigurationList = 8F7D5B9E1EAC583B002BC20C /* Build configuration list for PBXProject "ticTacToe" */;
			compatibilityVersion = "Xcode 3.2";
			developmentRegion = English;
			hasScannedForEncodings = 0;
			knownRegions = (
				en,
				Base,
			);
			mainGroup = 8F7D5B9A1EAC583B002BC20C;
			productRefGroup = 8F7D5BA41EAC583C002BC20C /* Products */;
			projectDirPath = "";
			projectRoot = "";
			targets = (
				8F7D5BA21EAC583B002BC20C /* ticTacToe */,
			);
		};
/* End PBXProject section */

/* Begin PBXResourcesBuildPhase section */
		8F7D5BA11EAC583B002BC20C /* Resources */ = {
			isa = PBXResourcesBuildPhase;
			buildActionMask = 2147483647;
			files = (
				8F7D5BBB1EAC60E4002BC20C /* oh.png in Resources */,
				8F7D5BB91EAC60DB002BC20C /* ex.png in Resources */,
				8F7D5BB11EAC583C002BC20C /* LaunchScreen.storyboard in Resources */,
				8F7D5BAE1EAC583C002BC20C /* Assets.xcassets in Resources */,
				8F7D5BAC1EAC583C002BC20C /* Main.storyboard in Resources */,
			);
			runOnlyForDeploymentPostprocessing = 0;
		};
/* End PBXResourcesBuildPhase section */

/* Begin PBXSourcesBuildPhase section */
		8F7D5B9F1EAC583B002BC20C /* Sources */ = {
			isa = PBXSourcesBuildPhase;
			buildActionMask = 2147483647;
			files = (
				8F7D5BBF1EADA85F002BC20C /* SingleViewController.swift in Sources */,
				8F7D5BA91EAC583C002BC20C /* ViewController.swift in Sources */,
				8F7D5BA71EAC583C002BC20C /* AppDelegate.swift in Sources */,
			);
			runOnlyForDeploymentPostprocessing = 0;
		};
/* End PBXSourcesBuildPhase section */

/* Begin PBXVariantGroup section */
		8F7D5BAA1EAC583C002BC20C /* Main.storyboard */ = {
			isa = PBXVariantGroup;
			children = (
				8F7D5BAB1EAC583C002BC20C /* Base */,
			);
			name = Main.storyboard;
			sourceTree = "<group>";
		};
		8F7D5BAF1EAC583C002BC20C /* LaunchScreen.storyboard */ = {
			isa = PBXVariantGroup;
			children = (
				8F7D5BB01EAC583C002BC20C /* Base */,
			);
			name = LaunchScreen.storyboard;
			sourceTree = "<group>";
		};
/* End PBXVariantGroup section */

/* Begin XCBuildConfiguration section */
		8F7D5BB31EAC583C002BC20C /* Debug */ = {
			isa = XCBuildConfiguration;
			buildSettings = {
				ALWAYS_SEARCH_USER_PATHS = NO;
				CLANG_ANALYZER_NONNULL = YES;
				CLANG_CXX_LANGUAGE_STANDARD = "gnu++0x";
				CLANG_CXX_LIBRARY = "libc++";
				CLANG_ENABLE_MODULES = YES;
				CLANG_ENABLE_OBJC_ARC = YES;
				CLANG_WARN_BOOL_CONVERSION = YES;
				CLANG_WARN_CONSTANT_CONVERSION = YES;
				CLANG_WARN_DIRECT_OBJC_ISA_USAGE = YES_ERROR;
				CLANG_WARN_DOCUMENTATION_COMMENTS = YES;
				CLANG_WARN_EMPTY_BODY = YES;
				CLANG_WARN_ENUM_CONVERSION = YES;
				CLANG_WARN_INFINITE_RECURSION = YES;
				CLANG_WARN_INT_CONVERSION = YES;
				CLANG_WARN_OBJC_ROOT_CLASS = YES_ERROR;
				CLANG_WARN_SUSPICIOUS_MOVE = YES;
				CLANG_WARN_UNREACHABLE_CODE = YES;
				CLANG_WARN__DUPLICATE_METHOD_MATCH = YES;
				"CODE_SIGN_IDENTITY[sdk=iphoneos*]" = "iPhone Developer";
				COPY_PHASE_STRIP = NO;
				DEBUG_INFORMATION_FORMAT = dwarf;
				ENABLE_STRICT_OBJC_MSGSEND = YES;
				ENABLE_TESTABILITY = YES;
				GCC_C_LANGUAGE_STANDARD = gnu99;
				GCC_DYNAMIC_NO_PIC = NO;
				GCC_NO_COMMON_BLOCKS = YES;
				GCC_OPTIMIZATION_LEVEL = 0;
				GCC_PREPROCESSOR_DEFINITIONS = (
					"DEBUG=1",
					"$(inherited)",
				);
				GCC_WARN_64_TO_32_BIT_CONVERSION = YES;
				GCC_WARN_ABOUT_RETURN_TYPE = YES_ERROR;
				GCC_WARN_UNDECLARED_SELECTOR = YES;
				GCC_WARN_UNINITIALIZED_AUTOS = YES_AGGRESSIVE;
				GCC_WARN_UNUSED_FUNCTION = YES;
				GCC_WARN_UNUSED_VARIABLE = YES;
				IPHONEOS_DEPLOYMENT_TARGET = 10.2;
				MTL_ENABLE_DEBUG_INFO = YES;
				ONLY_ACTIVE_ARCH = YES;
				SDKROOT = iphoneos;
				SWIFT_ACTIVE_COMPILATION_CONDITIONS = DEBUG;
				SWIFT_OPTIMIZATION_LEVEL = "-Onone";
			};
			name = Debug;
		};
		8F7D5BB41EAC583C002BC20C /* Release */ = {
			isa = XCBuildConfiguration;
			buildSettings = {
				ALWAYS_SEARCH_USER_PATHS = NO;
				CLANG_ANALYZER_NONNULL = YES;
				CLANG_CXX_LANGUAGE_STANDARD = "gnu++0x";
				CLANG_CXX_LIBRARY = "libc++";
				CLANG_ENABLE_MODULES = YES;
				CLANG_ENABLE_OBJC_ARC = YES;
				CLANG_WARN_BOOL_CONVERSION = YES;
				CLANG_WARN_CONSTANT_CONVERSION = YES;
				CLANG_WARN_DIRECT_OBJC_ISA_USAGE = YES_ERROR;
				CLANG_WARN_DOCUMENTATION_COMMENTS = YES;
				CLANG_WARN_EMPTY_BODY = YES;
				CLANG_WARN_ENUM_CONVERSION = YES;
				CLANG_WARN_INFINITE_RECURSION = YES;
				CLANG_WARN_INT_CONVERSION = YES;
				CLANG_WARN_OBJC_ROOT_CLASS = YES_ERROR;
				CLANG_WARN_SUSPICIOUS_MOVE = YES;
				CLANG_WARN_UNREACHABLE_CODE = YES;
				CLANG_WARN__DUPLICATE_METHOD_MATCH = YES;
				"CODE_SIGN_IDENTITY[sdk=iphoneos*]" = "iPhone Developer";
				COPY_PHASE_STRIP = NO;
				DEBUG_INFORMATION_FORMAT = "dwarf-with-dsym";
				ENABLE_NS_ASSERTIONS = NO;
				ENABLE_STRICT_OBJC_MSGSEND = YES;
				GCC_C_LANGUAGE_STANDARD = gnu99;
				GCC_NO_COMMON_BLOCKS = YES;
				GCC_WARN_64_TO_32_BIT_CONVERSION = YES;
				GCC_WARN_ABOUT_RETURN_TYPE = YES_ERROR;
				GCC_WARN_UNDECLARED_SELECTOR = YES;
				GCC_WARN_UNINITIALIZED_AUTOS = YES_AGGRESSIVE;
				GCC_WARN_UNUSED_FUNCTION = YES;
				GCC_WARN_UNUSED_VARIABLE = YES;
				IPHONEOS_DEPLOYMENT_TARGET = 10.2;
				MTL_ENABLE_DEBUG_INFO = NO;
				SDKROOT = iphoneos;
				SWIFT_OPTIMIZATION_LEVEL = "-Owholemodule";
				VALIDATE_PRODUCT = YES;
			};
			name = Release;
		};
		8F7D5BB61EAC583C002BC20C /* Debug */ = {
			isa = XCBuildConfiguration;
			buildSettings = {
				ASSETCATALOG_COMPILER_APPICON_NAME = AppIcon;
				INFOPLIST_FILE = ticTacToe/Info.plist;
				LD_RUNPATH_SEARCH_PATHS = "$(inherited) @executable_path/Frameworks";
				PRODUCT_BUNDLE_IDENTIFIER = com.ehsanzaman.ticTacToe;
				PRODUCT_NAME = "$(TARGET_NAME)";
				SWIFT_VERSION = 3.0;
			};
			name = Debug;
		};
		8F7D5BB71EAC583C002BC20C /* Release */ = {
			isa = XCBuildConfiguration;
			buildSettings = {
				ASSETCATALOG_COMPILER_APPICON_NAME = AppIcon;
				INFOPLIST_FILE = ticTacToe/Info.plist;
				LD_RUNPATH_SEARCH_PATHS = "$(inherited) @executable_path/Frameworks";
				PRODUCT_BUNDLE_IDENTIFIER = com.ehsanzaman.ticTacToe;
				PRODUCT_NAME = "$(TARGET_NAME)";
				SWIFT_VERSION = 3.0;
			};
			name = Release;
		};
/* End XCBuildConfiguration section */

/* Begin XCConfigurationList section */
		8F7D5B9E1EAC583B002BC20C /* Build configuration list for PBXProject "ticTacToe" */ = {
			isa = XCConfigurationList;
			buildConfigurations = (
				8F7D5BB31EAC583C002BC20C /* Debug */,
				8F7D5BB41EAC583C002BC20C /* Release */,
			);
			defaultConfigurationIsVisible = 0;
			defaultConfigurationName = Release;
		};
		8F7D5BB51EAC583C002BC20C /* Build configuration list for PBXNativeTarget "ticTacToe" */ = {
			isa = XCConfigurationList;
			buildConfigurations = (
				8F7D5BB61EAC583C002BC20C /* Debug */,
				8F7D5BB71EAC583C002BC20C /* Release */,
			);
			defaultConfigurationIsVisible = 0;
		};
/* End XCConfigurationList section */
	};
	rootObject = 8F7D5B9B1EAC583B002BC20C /* Project object */;
}
